
Microsoft Visual Studio Solution File, Format Version 12.00
# Visual Studio Version 16
VisualStudioVersion = 16.0.30621.155
MinimumVisualStudioVersion = 15.0.26124.0
Project("{9A19103F-16F7-4668-BE54-9A1E7A4F7556}") = "GavinTech.Accounts.Application", "GavinTech.Accounts.Application\GavinTech.Accounts.Application.csproj", "{8D74D402-7968-42D1-9E4B-D165AD4036DC}"
EndProject
Project("{9A19103F-16F7-4668-BE54-9A1E7A4F7556}") = "GavinTech.Accounts.Domain", "GavinTech.Accounts.Domain\GavinTech.Accounts.Domain.csproj", "{6DD97276-8DF4-4EBB-821A-12358CDA1DB3}"
EndProject
Project("{9A19103F-16F7-4668-BE54-9A1E7A4F7556}") = "GavinTech.Accounts.Presentation.ConsoleApp", "GavinTech.Accounts.Presentation.ConsoleApp\GavinTech.Accounts.Presentation.ConsoleApp.csproj", "{2C6BE1B1-4032-490F-9822-9CB2916BF39B}"
EndProject
Project("{2150E333-8FDC-42A3-9474-1A3956D46DE8}") = "Solution Items", "Solution Items", "{B08F3881-EE66-45B3-ACB4-50948EAB79EF}"
	ProjectSection(SolutionItems) = preProject
		..\.gitignore = ..\.gitignore
		..\README.md = ..\README.md
	EndProjectSection
EndProject
Project("{9A19103F-16F7-4668-BE54-9A1E7A4F7556}") = "GavinTech.Accounts.Infrastructure", "GavinTech.Accounts.Infrastructure\GavinTech.Accounts.Infrastructure.csproj", "{DA6F7E02-D035-4E53-B064-F001A2D335CD}"
EndProject
Project("{9A19103F-16F7-4668-BE54-9A1E7A4F7556}") = "GavinTech.Accounts.UnitTests", "GavinTech.Accounts.UnitTests\GavinTech.Accounts.UnitTests.csproj", "{3DC006B9-034C-4C72-A3E5-9CCFED827DC7}"
EndProject
Project("{9A19103F-16F7-4668-BE54-9A1E7A4F7556}") = "GavinTech.Accounts.Migrations.Sqlite", "GavinTech.Accounts.Migrations.Sqlite\GavinTech.Accounts.Migrations.Sqlite.csproj", "{8AF580B4-65B1-40EA-A635-0775BC0D1416}"
EndProject
Project("{2150E333-8FDC-42A3-9474-1A3956D46DE8}") = "Clean", "Clean", "{048C431F-FFAE-42CD-94A6-6F9BABB4E0F5}"
EndProject
Project("{2150E333-8FDC-42A3-9474-1A3956D46DE8}") = "Presentation", "Presentation", "{7C14016B-BB7B-489C-BCF2-9256C5E108AF}"
EndProject
Project("{FAE04EC0-301F-11D3-BF4B-00C04F79EFBC}") = "GavinTech.Accounts.CrossCutting", "GavinTech.Accounts.CrossCutting\GavinTech.Accounts.CrossCutting.csproj", "{F9F6053F-B641-45C0-BBFC-F5D751D73B9C}"
EndProject
Global
	GlobalSection(SolutionConfigurationPlatforms) = preSolution
		Debug|Any CPU = Debug|Any CPU
		Debug|x64 = Debug|x64
		Debug|x86 = Debug|x86
		Release|Any CPU = Release|Any CPU
		Release|x64 = Release|x64
		Release|x86 = Release|x86
	EndGlobalSection
	GlobalSection(ProjectConfigurationPlatforms) = postSolution
		{8D74D402-7968-42D1-9E4B-D165AD4036DC}.Debug|Any CPU.ActiveCfg = Debug|Any CPU
		{8D74D402-7968-42D1-9E4B-D165AD4036DC}.Debug|Any CPU.Build.0 = Debug|Any CPU
		{8D74D402-7968-42D1-9E4B-D165AD4036DC}.Debug|x64.ActiveCfg = Debug|Any CPU
		{8D74D402-7968-42D1-9E4B-D165AD4036DC}.Debug|x64.Build.0 = Debug|Any CPU
		{8D74D402-7968-42D1-9E4B-D165AD4036DC}.Debug|x86.ActiveCfg = Debug|Any CPU
		{8D74D402-7968-42D1-9E4B-D165AD4036DC}.Debug|x86.Build.0 = Debug|Any CPU
		{8D74D402-7968-42D1-9E4B-D165AD4036DC}.Release|Any CPU.ActiveCfg = Release|Any CPU
		{8D74D402-7968-42D1-9E4B-D165AD4036DC}.Release|Any CPU.Build.0 = Release|Any CPU
		{8D74D402-7968-42D1-9E4B-D165AD4036DC}.Release|x64.ActiveCfg = Release|Any CPU
		{8D74D402-7968-42D1-9E4B-D165AD4036DC}.Release|x64.Build.0 = Release|Any CPU
		{8D74D402-7968-42D1-9E4B-D165AD4036DC}.Release|x86.ActiveCfg = Release|Any CPU
		{8D74D402-7968-42D1-9E4B-D165AD4036DC}.Release|x86.Build.0 = Release|Any CPU
		{6DD97276-8DF4-4EBB-821A-12358CDA1DB3}.Debug|Any CPU.ActiveCfg = Debug|Any CPU
		{6DD97276-8DF4-4EBB-821A-12358CDA1DB3}.Debug|Any CPU.Build.0 = Debug|Any CPU
		{6DD97276-8DF4-4EBB-821A-12358CDA1DB3}.Debug|x64.ActiveCfg = Debug|Any CPU
		{6DD97276-8DF4-4EBB-821A-12358CDA1DB3}.Debug|x64.Build.0 = Debug|Any CPU
		{6DD97276-8DF4-4EBB-821A-12358CDA1DB3}.Debug|x86.ActiveCfg = Debug|Any CPU
		{6DD97276-8DF4-4EBB-821A-12358CDA1DB3}.Debug|x86.Build.0 = Debug|Any CPU
		{6DD97276-8DF4-4EBB-821A-12358CDA1DB3}.Release|Any CPU.ActiveCfg = Release|Any CPU
		{6DD97276-8DF4-4EBB-821A-12358CDA1DB3}.Release|Any CPU.Build.0 = Release|Any CPU
		{6DD97276-8DF4-4EBB-821A-12358CDA1DB3}.Release|x64.ActiveCfg = Release|Any CPU
		{6DD97276-8DF4-4EBB-821A-12358CDA1DB3}.Release|x64.Build.0 = Release|Any CPU
		{6DD97276-8DF4-4EBB-821A-12358CDA1DB3}.Release|x86.ActiveCfg = Release|Any CPU
		{6DD97276-8DF4-4EBB-821A-12358CDA1DB3}.Release|x86.Build.0 = Release|Any CPU
		{2C6BE1B1-4032-490F-9822-9CB2916BF39B}.Debug|Any CPU.ActiveCfg = Debug|Any CPU
		{2C6BE1B1-4032-490F-9822-9CB2916BF39B}.Debug|Any CPU.Build.0 = Debug|Any CPU
		{2C6BE1B1-4032-490F-9822-9CB2916BF39B}.Debug|x64.ActiveCfg = Debug|Any CPU
		{2C6BE1B1-4032-490F-9822-9CB2916BF39B}.Debug|x64.Build.0 = Debug|Any CPU
		{2C6BE1B1-4032-490F-9822-9CB2916BF39B}.Debug|x86.ActiveCfg = Debug|Any CPU
		{2C6BE1B1-4032-490F-9822-9CB2916BF39B}.Debug|x86.Build.0 = Debug|Any CPU
		{2C6BE1B1-4032-490F-9822-9CB2916BF39B}.Release|Any CPU.ActiveCfg = Release|Any CPU
		{2C6BE1B1-4032-490F-9822-9CB2916BF39B}.Release|Any CPU.Build.0 = Release|Any CPU
		{2C6BE1B1-4032-490F-9822-9CB2916BF39B}.Release|x64.ActiveCfg = Release|Any CPU
		{2C6BE1B1-4032-490F-9822-9CB2916BF39B}.Release|x64.Build.0 = Release|Any CPU
		{2C6BE1B1-4032-490F-9822-9CB2916BF39B}.Release|x86.ActiveCfg = Release|Any CPU
		{2C6BE1B1-4032-490F-9822-9CB2916BF39B}.Release|x86.Build.0 = Release|Any CPU
		{DA6F7E02-D035-4E53-B064-F001A2D335CD}.Debug|Any CPU.ActiveCfg = Debug|Any CPU
		{DA6F7E02-D035-4E53-B064-F001A2D335CD}.Debug|Any CPU.Build.0 = Debug|Any CPU
		{DA6F7E02-D035-4E53-B064-F001A2D335CD}.Debug|x64.ActiveCfg = Debug|Any CPU
		{DA6F7E02-D035-4E53-B064-F001A2D335CD}.Debug|x64.Build.0 = Debug|Any CPU
		{DA6F7E02-D035-4E53-B064-F001A2D335CD}.Debug|x86.ActiveCfg = Debug|Any CPU
		{DA6F7E02-D035-4E53-B064-F001A2D335CD}.Debug|x86.Build.0 = Debug|Any CPU
		{DA6F7E02-D035-4E53-B064-F001A2D335CD}.Release|Any CPU.ActiveCfg = Release|Any CPU
		{DA6F7E02-D035-4E53-B064-F001A2D335CD}.Release|Any CPU.Build.0 = Release|Any CPU
		{DA6F7E02-D035-4E53-B064-F001A2D335CD}.Release|x64.ActiveCfg = Release|Any CPU
		{DA6F7E02-D035-4E53-B064-F001A2D335CD}.Release|x64.Build.0 = Release|Any CPU
		{DA6F7E02-D035-4E53-B064-F001A2D335CD}.Release|x86.ActiveCfg = Release|Any CPU
		{DA6F7E02-D035-4E53-B064-F001A2D335CD}.Release|x86.Build.0 = Release|Any CPU
		{3DC006B9-034C-4C72-A3E5-9CCFED827DC7}.Debug|Any CPU.ActiveCfg = Debug|Any CPU
		{3DC006B9-034C-4C72-A3E5-9CCFED827DC7}.Debug|Any CPU.Build.0 = Debug|Any CPU
		{3DC006B9-034C-4C72-A3E5-9CCFED827DC7}.Debug|x64.ActiveCfg = Debug|Any CPU
		{3DC006B9-034C-4C72-A3E5-9CCFED827DC7}.Debug|x64.Build.0 = Debug|Any CPU
		{3DC006B9-034C-4C72-A3E5-9CCFED827DC7}.Debug|x86.ActiveCfg = Debug|Any CPU
		{3DC006B9-034C-4C72-A3E5-9CCFED827DC7}.Debug|x86.Build.0 = Debug|Any CPU
		{3DC006B9-034C-4C72-A3E5-9CCFED827DC7}.Release|Any CPU.ActiveCfg = Release|Any CPU
		{3DC006B9-034C-4C72-A3E5-9CCFED827DC7}.Release|Any CPU.Build.0 = Release|Any CPU
		{3DC006B9-034C-4C72-A3E5-9CCFED827DC7}.Release|x64.ActiveCfg = Release|Any CPU
		{3DC006B9-034C-4C72-A3E5-9CCFED827DC7}.Release|x64.Build.0 = Release|Any CPU
		{3DC006B9-034C-4C72-A3E5-9CCFED827DC7}.Release|x86.ActiveCfg = Release|Any CPU
		{3DC006B9-034C-4C72-A3E5-9CCFED827DC7}.Release|x86.Build.0 = Release|Any CPU
		{8AF580B4-65B1-40EA-A635-0775BC0D1416}.Debug|Any CPU.ActiveCfg = Debug|Any CPU
		{8AF580B4-65B1-40EA-A635-0775BC0D1416}.Debug|Any CPU.Build.0 = Debug|Any CPU
		{8AF580B4-65B1-40EA-A635-0775BC0D1416}.Debug|x64.ActiveCfg = Debug|Any CPU
		{8AF580B4-65B1-40EA-A635-0775BC0D1416}.Debug|x64.Build.0 = Debug|Any CPU
		{8AF580B4-65B1-40EA-A635-0775BC0D1416}.Debug|x86.ActiveCfg = Debug|Any CPU
		{8AF580B4-65B1-40EA-A635-0775BC0D1416}.Debug|x86.Build.0 = Debug|Any CPU
		{8AF580B4-65B1-40EA-A635-0775BC0D1416}.Release|Any CPU.ActiveCfg = Release|Any CPU
		{8AF580B4-65B1-40EA-A635-0775BC0D1416}.Release|Any CPU.Build.0 = Release|Any CPU
		{8AF580B4-65B1-40EA-A635-0775BC0D1416}.Release|x64.ActiveCfg = Release|Any CPU
		{8AF580B4-65B1-40EA-A635-0775BC0D1416}.Release|x64.Build.0 = Release|Any CPU
		{8AF580B4-65B1-40EA-A635-0775BC0D1416}.Release|x86.ActiveCfg = Release|Any CPU
		{8AF580B4-65B1-40EA-A635-0775BC0D1416}.Release|x86.Build.0 = Release|Any CPU
		{F9F6053F-B641-45C0-BBFC-F5D751D73B9C}.Debug|Any CPU.ActiveCfg = Debug|Any CPU
		{F9F6053F-B641-45C0-BBFC-F5D751D73B9C}.Debug|Any CPU.Build.0 = Debug|Any CPU
		{F9F6053F-B641-45C0-BBFC-F5D751D73B9C}.Debug|x64.ActiveCfg = Debug|Any CPU
		{F9F6053F-B641-45C0-BBFC-F5D751D73B9C}.Debug|x64.Build.0 = Debug|Any CPU
		{F9F6053F-B641-45C0-BBFC-F5D751D73B9C}.Debug|x86.ActiveCfg = Debug|Any CPU
		{F9F6053F-B641-45C0-BBFC-F5D751D73B9C}.Debug|x86.Build.0 = Debug|Any CPU
		{F9F6053F-B641-45C0-BBFC-F5D751D73B9C}.Release|Any CPU.ActiveCfg = Release|Any CPU
		{F9F6053F-B641-45C0-BBFC-F5D751D73B9C}.Release|Any CPU.Build.0 = Release|Any CPU
		{F9F6053F-B641-45C0-BBFC-F5D751D73B9C}.Release|x64.ActiveCfg = Release|Any CPU
		{F9F6053F-B641-45C0-BBFC-F5D751D73B9C}.Release|x64.Build.0 = Release|Any CPU
		{F9F6053F-B641-45C0-BBFC-F5D751D73B9C}.Release|x86.ActiveCfg = Release|Any CPU
		{F9F6053F-B641-45C0-BBFC-F5D751D73B9C}.Release|x86.Build.0 = Release|Any CPU
	EndGlobalSection
	GlobalSection(SolutionProperties) = preSolution
		HideSolutionNode = FALSE
	EndGlobalSection
	GlobalSection(NestedProjects) = preSolution
		{8D74D402-7968-42D1-9E4B-D165AD4036DC} = {048C431F-FFAE-42CD-94A6-6F9BABB4E0F5}
		{6DD97276-8DF4-4EBB-821A-12358CDA1DB3} = {048C431F-FFAE-42CD-94A6-6F9BABB4E0F5}
		{2C6BE1B1-4032-490F-9822-9CB2916BF39B} = {7C14016B-BB7B-489C-BCF2-9256C5E108AF}
		{DA6F7E02-D035-4E53-B064-F001A2D335CD} = {048C431F-FFAE-42CD-94A6-6F9BABB4E0F5}
		{7C14016B-BB7B-489C-BCF2-9256C5E108AF} = {048C431F-FFAE-42CD-94A6-6F9BABB4E0F5}
	EndGlobalSection
	GlobalSection(ExtensibilityGlobals) = postSolution
		SolutionGuid = {59FD37CF-DAFC-4D54-A279-C6F17A628DE7}
	EndGlobalSection
EndGlobal
